
Microsoft Visual Studio Solution File, Format Version 12.00
# Visual Studio Version 16
VisualStudioVersion = 16.0.28803.452
MinimumVisualStudioVersion = 10.0.40219.1
Project("{FAE04EC0-301F-11D3-BF4B-00C04F79EFBC}") = "Andafap", "Andafap\Andafap.csproj", "{59340F8D-5E2F-409F-953D-E179A220349E}"
EndProject
Global
	GlobalSection(SolutionConfigurationPlatforms) = preSolution
		Debug|Any CPU = Debug|Any CPU
		Release|Any CPU = Release|Any CPU
	EndGlobalSection
	GlobalSection(ProjectConfigurationPlatforms) = postSolution
		{59340F8D-5E2F-409F-953D-E179A220349E}.Debug|Any CPU.ActiveCfg = Debug|Any CPU
		{59340F8D-5E2F-409F-953D-E179A220349E}.Debug|Any CPU.Build.0 = Debug|Any CPU
		{59340F8D-5E2F-409F-953D-E179A220349E}.Release|Any CPU.ActiveCfg = Release|Any CPU
		{59340F8D-5E2F-409F-953D-E179A220349E}.Release|Any CPU.Build.0 = Release|Any CPU
	EndGlobalSection
	GlobalSection(SolutionProperties) = preSolution
		HideSolutionNode = FALSE
	EndGlobalSection
	GlobalSection(ExtensibilityGlobals) = postSolution
		SolutionGuid = {C28075CD-FE54-49FF-A159-8DAA5505CEEB}
	EndGlobalSection
EndGlobal
